
Microsoft Visual Studio Solution File, Format Version 12.00
# Visual Studio 2012
Project("{FAE04EC0-301F-11D3-BF4B-00C04F79EFBC}") = "DataBaseStuff", "DataBaseStuff\DataBaseStuff.csproj", "{ADB3B895-E603-4C38-BC06-D4E6486D83CA}"
EndProject
Global
	GlobalSection(SolutionConfigurationPlatforms) = preSolution
		Debug|Any CPU = Debug|Any CPU
		Release|Any CPU = Release|Any CPU
	EndGlobalSection
	GlobalSection(ProjectConfigurationPlatforms) = postSolution
		{ADB3B895-E603-4C38-BC06-D4E6486D83CA}.Debug|Any CPU.ActiveCfg = Debug|Any CPU
		{ADB3B895-E603-4C38-BC06-D4E6486D83CA}.Debug|Any CPU.Build.0 = Debug|Any CPU
		{ADB3B895-E603-4C38-BC06-D4E6486D83CA}.Release|Any CPU.ActiveCfg = Release|Any CPU
		{ADB3B895-E603-4C38-BC06-D4E6486D83CA}.Release|Any CPU.Build.0 = Release|Any CPU
	EndGlobalSection
	GlobalSection(SolutionProperties) = preSolution
		HideSolutionNode = FALSE
	EndGlobalSection
EndGlobal
